{
  "originHash" : "74a4563fc4c5d0b14e8b728c6e800069678bcc0af2e49291d0ec5faf3dd578b3",
  "pins" : [
    {
      "identity" : "blocks",
      "kind" : "remoteSourceControl",
      "location" : "https://github.com/webbananaunite/blocks",
      "state" : {
        "revision" : "7089961716503f9e1f83adcb518d5594f0b8d0da",
        "version" : "0.5.0"
      }
    },
    {
      "identity" : "overlaynetwork",
      "kind" : "remoteSourceControl",
      "location" : "https://github.com/webbananaunite/overlayNetwork",
      "state" : {
        "revision" : "e6f808ffe596cca20abad70d5382ae4db2b80118",
        "version" : "0.5.0"
      }
    },
    {
      "identity" : "swift-asn1",
      "kind" : "remoteSourceControl",
      "location" : "https://github.com/apple/swift-asn1.git",
      "state" : {
        "revision" : "f70225981241859eb4aa1a18a75531d26637c8cc",
        "version" : "1.4.0"
      }
    },
    {
      "identity" : "swift-crypto",
      "kind" : "remoteSourceControl",
      "location" : "https://github.com/apple/swift-crypto.git",
      "state" : {
        "revision" : "e8d6eba1fef23ae5b359c46b03f7d94be2f41fed",
        "version" : "3.12.3"
      }
    }
  ],
  "version" : 3
}
