{
  "originHash" : "b28ba646fcc33c93faa176be6d515da41fba7449954a010d52f31311d0ee7028",
  "pins" : [
    {
      "identity" : "overlaynetwork",
      "kind" : "remoteSourceControl",
      "location" : "https://github.com/webbananaunite/overlayNetwork",
      "state" : {
        "revision" : "95f03332470ee9908394ea8d06655a200d406be0",
        "version" : "0.5.4"
      }
    },
    {
      "identity" : "swift-asn1",
      "kind" : "remoteSourceControl",
      "location" : "https://github.com/apple/swift-asn1.git",
      "state" : {
        "revision" : "eb50cbd14606a9161cbc5d452f18797c90ef0bab",
        "version" : "1.7.0"
      }
    },
    {
      "identity" : "swift-crypto",
      "kind" : "remoteSourceControl",
      "location" : "https://github.com/apple/swift-crypto.git",
      "state" : {
        "revision" : "95ba0316a9b733e92bb6b071255ff46263bbe7dc",
        "version" : "3.15.1"
      }
    }
  ],
  "version" : 3
}
