// !$*UTF8*$!
{
	archiveVersion = 1;
	classes = {
	};
	objectVersion = 54;
	objects = {

/* Begin PBXBuildFile section */
		9821E8A12C9BD0D60005D08F /* XcodeInfo.plist in Resources */ = {isa = PBXBuildFile; fileRef = 9821E8A02C9BD0D60005D08F /* XcodeInfo.plist */; };
		983359092B3A599500DBAAE1 /* README.md in Resources */ = {isa = PBXBuildFile; fileRef = 983359042B3A599500DBAAE1 /* README.md */; };
		9833590A2B3A599500DBAAE1 /* READMEjp.md in Resources */ = {isa = PBXBuildFile; fileRef = 983359072B3A599500DBAAE1 /* READMEjp.md */; };
		9833590B2B3A599500DBAAE1 /* LICENSE in Resources */ = {isa = PBXBuildFile; fileRef = 983359082B3A599500DBAAE1 /* LICENSE */; };
		9867E6FC2A7A4AA7004B7DBC /* QuadKeyTest.swift in Sources */ = {isa = PBXBuildFile; fileRef = 9867E6FB2A7A4AA7004B7DBC /* QuadKeyTest.swift */; };
		986D853F2AB810EF001DFEB4 /* NonceTest.swift in Sources */ = {isa = PBXBuildFile; fileRef = 986D853E2AB810EF001DFEB4 /* NonceTest.swift */; };
		9879DF6D2C8E757000BA706E /* Auth.swift in Sources */ = {isa = PBXBuildFile; fileRef = 9879DF602C8E757000BA706E /* Auth.swift */; };
		9879DF6E2C8E757000BA706E /* Birth.swift in Sources */ = {isa = PBXBuildFile; fileRef = 9879DF612C8E757000BA706E /* Birth.swift */; };
		9879DF6F2C8E757000BA706E /* Information.swift in Sources */ = {isa = PBXBuildFile; fileRef = 9879DF622C8E757000BA706E /* Information.swift */; };
		9879DF702C8E757000BA706E /* Mail.swift in Sources */ = {isa = PBXBuildFile; fileRef = 9879DF632C8E757000BA706E /* Mail.swift */; };
		9879DF712C8E757000BA706E /* MailToTaker.swift in Sources */ = {isa = PBXBuildFile; fileRef = 9879DF642C8E757000BA706E /* MailToTaker.swift */; };
		9879DF722C8E757000BA706E /* TestyApp.swift in Sources */ = {isa = PBXBuildFile; fileRef = 9879DF652C8E757000BA706E /* TestyApp.swift */; };
		9879DF732C8E757000BA706E /* Map.swift in Sources */ = {isa = PBXBuildFile; fileRef = 9879DF662C8E757000BA706E /* Map.swift */; };
		9879DF742C8E757000BA706E /* Menu.swift in Sources */ = {isa = PBXBuildFile; fileRef = 9879DF672C8E757000BA706E /* Menu.swift */; };
		9879DF752C8E757000BA706E /* Model.swift in Sources */ = {isa = PBXBuildFile; fileRef = 9879DF682C8E757000BA706E /* Model.swift */; };
		9879DF762C8E757000BA706E /* MoveIn.swift in Sources */ = {isa = PBXBuildFile; fileRef = 9879DF692C8E757000BA706E /* MoveIn.swift */; };
		9879DF772C8E757000BA706E /* MoveOut.swift in Sources */ = {isa = PBXBuildFile; fileRef = 9879DF6A2C8E757000BA706E /* MoveOut.swift */; };
		9879DF782C8E757000BA706E /* Pin.swift in Sources */ = {isa = PBXBuildFile; fileRef = 9879DF6B2C8E757000BA706E /* Pin.swift */; };
		9879DF7C2C8E766300BA706E /* Communication.swift in Sources */ = {isa = PBXBuildFile; fileRef = 9879DF792C8E766300BA706E /* Communication.swift */; };
		9879DF7D2C8E766300BA706E /* Node.swift in Sources */ = {isa = PBXBuildFile; fileRef = 9879DF7A2C8E766300BA706E /* Node.swift */; };
		9879DF842C8E769E00BA706E /* Log.swift in Sources */ = {isa = PBXBuildFile; fileRef = 9879DF812C8E769E00BA706E /* Log.swift */; };
		9879DF852C8E769E00BA706E /* Notification.swift in Sources */ = {isa = PBXBuildFile; fileRef = 9879DF822C8E769E00BA706E /* Notification.swift */; };
		98815258247DE78600C4C791 /* Assets.xcassets in Resources */ = {isa = PBXBuildFile; fileRef = 98815257247DE78600C4C791 /* Assets.xcassets */; };
		9881525B247DE78600C4C791 /* LaunchScreen.storyboard in Resources */ = {isa = PBXBuildFile; fileRef = 98815259247DE78600C4C791 /* LaunchScreen.storyboard */; };
		9887EBF429776149006E08D2 /* DataArithmetic.swift in Sources */ = {isa = PBXBuildFile; fileRef = 9887EBF329776149006E08D2 /* DataArithmetic.swift */; };
		988CB9DF2B43FB83005420E6 /* blocks in Frameworks */ = {isa = PBXBuildFile; productRef = 988CB9DE2B43FB83005420E6 /* blocks */; };
/* End PBXBuildFile section */

/* Begin PBXContainerItemProxy section */
		9880F215294328BC00266AD9 /* PBXContainerItemProxy */ = {
			isa = PBXContainerItemProxy;
			containerPortal = 98815243247DE78400C4C791 /* Project object */;
			proxyType = 1;
			remoteGlobalIDString = 9881524A247DE78400C4C791;
			remoteInfo = Testy;
		};
/* End PBXContainerItemProxy section */

/* Begin PBXFileReference section */
		9821E8A02C9BD0D60005D08F /* XcodeInfo.plist */ = {isa = PBXFileReference; fileEncoding = 4; lastKnownFileType = text.plist.xml; path = XcodeInfo.plist; sourceTree = "<group>"; };
		982BC4E32A8EF41300C06F2A /* Testy.entitlements */ = {isa = PBXFileReference; lastKnownFileType = text.plist.entitlements; path = Testy.entitlements; sourceTree = "<group>"; };
		983359042B3A599500DBAAE1 /* README.md */ = {isa = PBXFileReference; fileEncoding = 4; lastKnownFileType = net.daringfireball.markdown; path = README.md; sourceTree = SOURCE_ROOT; };
		983359072B3A599500DBAAE1 /* READMEjp.md */ = {isa = PBXFileReference; fileEncoding = 4; lastKnownFileType = net.daringfireball.markdown; path = READMEjp.md; sourceTree = SOURCE_ROOT; };
		983359082B3A599500DBAAE1 /* LICENSE */ = {isa = PBXFileReference; fileEncoding = 4; lastKnownFileType = text; path = LICENSE; sourceTree = SOURCE_ROOT; };
		9867E6FB2A7A4AA7004B7DBC /* QuadKeyTest.swift */ = {isa = PBXFileReference; lastKnownFileType = sourcecode.swift; path = QuadKeyTest.swift; sourceTree = "<group>"; };
		986D853E2AB810EF001DFEB4 /* NonceTest.swift */ = {isa = PBXFileReference; lastKnownFileType = sourcecode.swift; path = NonceTest.swift; sourceTree = "<group>"; };
		9879DF602C8E757000BA706E /* Auth.swift */ = {isa = PBXFileReference; fileEncoding = 4; lastKnownFileType = sourcecode.swift; path = Auth.swift; sourceTree = "<group>"; };
		9879DF612C8E757000BA706E /* Birth.swift */ = {isa = PBXFileReference; fileEncoding = 4; lastKnownFileType = sourcecode.swift; path = Birth.swift; sourceTree = "<group>"; };
		9879DF622C8E757000BA706E /* Information.swift */ = {isa = PBXFileReference; fileEncoding = 4; lastKnownFileType = sourcecode.swift; path = Information.swift; sourceTree = "<group>"; };
		9879DF632C8E757000BA706E /* Mail.swift */ = {isa = PBXFileReference; fileEncoding = 4; lastKnownFileType = sourcecode.swift; path = Mail.swift; sourceTree = "<group>"; };
		9879DF642C8E757000BA706E /* MailToTaker.swift */ = {isa = PBXFileReference; fileEncoding = 4; lastKnownFileType = sourcecode.swift; path = MailToTaker.swift; sourceTree = "<group>"; };
		9879DF652C8E757000BA706E /* TestyApp.swift */ = {isa = PBXFileReference; fileEncoding = 4; lastKnownFileType = sourcecode.swift; path = TestyApp.swift; sourceTree = "<group>"; };
		9879DF662C8E757000BA706E /* Map.swift */ = {isa = PBXFileReference; fileEncoding = 4; lastKnownFileType = sourcecode.swift; path = Map.swift; sourceTree = "<group>"; };
		9879DF672C8E757000BA706E /* Menu.swift */ = {isa = PBXFileReference; fileEncoding = 4; lastKnownFileType = sourcecode.swift; path = Menu.swift; sourceTree = "<group>"; };
		9879DF682C8E757000BA706E /* Model.swift */ = {isa = PBXFileReference; fileEncoding = 4; lastKnownFileType = sourcecode.swift; path = Model.swift; sourceTree = "<group>"; };
		9879DF692C8E757000BA706E /* MoveIn.swift */ = {isa = PBXFileReference; fileEncoding = 4; lastKnownFileType = sourcecode.swift; path = MoveIn.swift; sourceTree = "<group>"; };
		9879DF6A2C8E757000BA706E /* MoveOut.swift */ = {isa = PBXFileReference; fileEncoding = 4; lastKnownFileType = sourcecode.swift; path = MoveOut.swift; sourceTree = "<group>"; };
		9879DF6B2C8E757000BA706E /* Pin.swift */ = {isa = PBXFileReference; fileEncoding = 4; lastKnownFileType = sourcecode.swift; path = Pin.swift; sourceTree = "<group>"; };
		9879DF792C8E766300BA706E /* Communication.swift */ = {isa = PBXFileReference; fileEncoding = 4; lastKnownFileType = sourcecode.swift; path = Communication.swift; sourceTree = "<group>"; };
		9879DF7A2C8E766300BA706E /* Node.swift */ = {isa = PBXFileReference; fileEncoding = 4; lastKnownFileType = sourcecode.swift; path = Node.swift; sourceTree = "<group>"; };
		9879DF812C8E769E00BA706E /* Log.swift */ = {isa = PBXFileReference; fileEncoding = 4; lastKnownFileType = sourcecode.swift; path = Log.swift; sourceTree = "<group>"; };
		9879DF822C8E769E00BA706E /* Notification.swift */ = {isa = PBXFileReference; fileEncoding = 4; lastKnownFileType = sourcecode.swift; path = Notification.swift; sourceTree = "<group>"; };
		9880F211294328BC00266AD9 /* TestyTests.xctest */ = {isa = PBXFileReference; explicitFileType = wrapper.cfbundle; includeInIndex = 0; path = TestyTests.xctest; sourceTree = BUILT_PRODUCTS_DIR; };
		9881524B247DE78400C4C791 /* Testy.app */ = {isa = PBXFileReference; explicitFileType = wrapper.application; includeInIndex = 0; path = Testy.app; sourceTree = BUILT_PRODUCTS_DIR; };
		98815257247DE78600C4C791 /* Assets.xcassets */ = {isa = PBXFileReference; lastKnownFileType = folder.assetcatalog; path = Assets.xcassets; sourceTree = "<group>"; };
		9881525A247DE78600C4C791 /* Base */ = {isa = PBXFileReference; lastKnownFileType = file.storyboard; name = Base; path = Base.lproj/LaunchScreen.storyboard; sourceTree = "<group>"; };
		9887EBF329776149006E08D2 /* DataArithmetic.swift */ = {isa = PBXFileReference; lastKnownFileType = sourcecode.swift; path = DataArithmetic.swift; sourceTree = "<group>"; };
		98CC20562B43D8B30014B5C0 /* overlayNetwork */ = {isa = PBXFileReference; lastKnownFileType = wrapper; name = overlayNetwork; path = ../overlayNetwork; sourceTree = "<group>"; };
		98CC20572B43D9A80014B5C0 /* blocks */ = {isa = PBXFileReference; lastKnownFileType = wrapper; name = blocks; path = ../blocks; sourceTree = "<group>"; };
		98E711522D768FCA003DC112 /* TestPlan.xctestplan */ = {isa = PBXFileReference; lastKnownFileType = text; path = TestPlan.xctestplan; sourceTree = "<group>"; };
/* End PBXFileReference section */

/* Begin PBXFrameworksBuildPhase section */
		9880F20E294328BC00266AD9 /* Frameworks */ = {
			isa = PBXFrameworksBuildPhase;
			buildActionMask = 2147483647;
			files = (
			);
			runOnlyForDeploymentPostprocessing = 0;
		};
		98815248247DE78400C4C791 /* Frameworks */ = {
			isa = PBXFrameworksBuildPhase;
			buildActionMask = 2147483647;
			files = (
				988CB9DF2B43FB83005420E6 /* blocks in Frameworks */,
			);
			runOnlyForDeploymentPostprocessing = 0;
		};
/* End PBXFrameworksBuildPhase section */

/* Begin PBXGroup section */
		98501C692A8EF7B800B5064B /* Frameworks */ = {
			isa = PBXGroup;
			children = (
				98CC20572B43D9A80014B5C0 /* blocks */,
				98CC20562B43D8B30014B5C0 /* overlayNetwork */,
			);
			name = Frameworks;
			sourceTree = "<group>";
		};
		9879DF6C2C8E757000BA706E /* iOS */ = {
			isa = PBXGroup;
			children = (
				9879DF602C8E757000BA706E /* Auth.swift */,
				9879DF612C8E757000BA706E /* Birth.swift */,
				9879DF622C8E757000BA706E /* Information.swift */,
				9879DF632C8E757000BA706E /* Mail.swift */,
				9879DF642C8E757000BA706E /* MailToTaker.swift */,
				9879DF652C8E757000BA706E /* TestyApp.swift */,
				9879DF662C8E757000BA706E /* Map.swift */,
				9879DF672C8E757000BA706E /* Menu.swift */,
				9879DF682C8E757000BA706E /* Model.swift */,
				9879DF692C8E757000BA706E /* MoveIn.swift */,
				9879DF6A2C8E757000BA706E /* MoveOut.swift */,
				9879DF6B2C8E757000BA706E /* Pin.swift */,
			);
			name = iOS;
			path = Sources/Testy/iOS;
			sourceTree = SOURCE_ROOT;
		};
		9879DF7B2C8E766300BA706E /* Domain */ = {
			isa = PBXGroup;
			children = (
				9879DF792C8E766300BA706E /* Communication.swift */,
				9879DF7A2C8E766300BA706E /* Node.swift */,
			);
			name = Domain;
			path = Sources/Testy/Domain;
			sourceTree = SOURCE_ROOT;
		};
		9879DF832C8E769E00BA706E /* DomainService */ = {
			isa = PBXGroup;
			children = (
				9879DF812C8E769E00BA706E /* Log.swift */,
				9879DF822C8E769E00BA706E /* Notification.swift */,
			);
			name = DomainService;
			path = Sources/Testy/DomainService;
			sourceTree = SOURCE_ROOT;
		};
		9880F212294328BC00266AD9 /* TestyTests */ = {
			isa = PBXGroup;
			children = (
				9887EBF329776149006E08D2 /* DataArithmetic.swift */,
				9867E6FB2A7A4AA7004B7DBC /* QuadKeyTest.swift */,
				986D853E2AB810EF001DFEB4 /* NonceTest.swift */,
			);
			path = TestyTests;
			sourceTree = "<group>";
		};
		98815242247DE78400C4C791 = {
			isa = PBXGroup;
			children = (
				98E711522D768FCA003DC112 /* TestPlan.xctestplan */,
				9881524D247DE78400C4C791 /* Testy */,
				9880F212294328BC00266AD9 /* TestyTests */,
				9881524C247DE78400C4C791 /* Products */,
				98501C692A8EF7B800B5064B /* Frameworks */,
			);
			sourceTree = "<group>";
		};
		9881524C247DE78400C4C791 /* Products */ = {
			isa = PBXGroup;
			children = (
				9881524B247DE78400C4C791 /* Testy.app */,
				9880F211294328BC00266AD9 /* TestyTests.xctest */,
			);
			name = Products;
			sourceTree = "<group>";
		};
		9881524D247DE78400C4C791 /* Testy */ = {
			isa = PBXGroup;
			children = (
				9821E8A02C9BD0D60005D08F /* XcodeInfo.plist */,
				9879DF832C8E769E00BA706E /* DomainService */,
				9879DF7B2C8E766300BA706E /* Domain */,
				9879DF6C2C8E757000BA706E /* iOS */,
				983359082B3A599500DBAAE1 /* LICENSE */,
				983359042B3A599500DBAAE1 /* README.md */,
				983359072B3A599500DBAAE1 /* READMEjp.md */,
				982BC4E32A8EF41300C06F2A /* Testy.entitlements */,
				98815257247DE78600C4C791 /* Assets.xcassets */,
				98815259247DE78600C4C791 /* LaunchScreen.storyboard */,
			);
			path = Testy;
			sourceTree = "<group>";
		};
/* End PBXGroup section */

/* Begin PBXNativeTarget section */
		9880F210294328BC00266AD9 /* TestyTests */ = {
			isa = PBXNativeTarget;
			buildConfigurationList = 9880F21B294328BC00266AD9 /* Build configuration list for PBXNativeTarget "TestyTests" */;
			buildPhases = (
				9880F20D294328BC00266AD9 /* Sources */,
				9880F20E294328BC00266AD9 /* Frameworks */,
				9880F20F294328BC00266AD9 /* Resources */,
			);
			buildRules = (
			);
			dependencies = (
				9880F216294328BC00266AD9 /* PBXTargetDependency */,
			);
			name = TestyTests;
			productName = TestyTests;
			productReference = 9880F211294328BC00266AD9 /* TestyTests.xctest */;
			productType = "com.apple.product-type.bundle.unit-test";
		};
		9881524A247DE78400C4C791 /* Testy */ = {
			isa = PBXNativeTarget;
			buildConfigurationList = 9881525F247DE78600C4C791 /* Build configuration list for PBXNativeTarget "Testy" */;
			buildPhases = (
				98815247247DE78400C4C791 /* Sources */,
				98815248247DE78400C4C791 /* Frameworks */,
				98815249247DE78400C4C791 /* Resources */,
			);
			buildRules = (
			);
			dependencies = (
			);
			name = Testy;
			packageProductDependencies = (
				988CB9DE2B43FB83005420E6 /* blocks */,
			);
			productName = Testy;
			productReference = 9881524B247DE78400C4C791 /* Testy.app */;
			productType = "com.apple.product-type.application";
		};
/* End PBXNativeTarget section */

/* Begin PBXProject section */
		98815243247DE78400C4C791 /* Project object */ = {
			isa = PBXProject;
			attributes = {
				LastSwiftUpdateCheck = 1410;
				LastUpgradeCheck = 1250;
				ORGANIZATIONNAME = "WEB BANANA UNITE Tokyo-Yokohama LPC.";
				TargetAttributes = {
					9880F210294328BC00266AD9 = {
						CreatedOnToolsVersion = 14.1;
						TestTargetID = 9881524A247DE78400C4C791;
					};
					9881524A247DE78400C4C791 = {
						CreatedOnToolsVersion = 11.5;
					};
				};
			};
			buildConfigurationList = 98815246247DE78400C4C791 /* Build configuration list for PBXProject "Testy" */;
			compatibilityVersion = "Xcode 9.3";
			developmentRegion = en;
			hasScannedForEncodings = 0;
			knownRegions = (
				en,
				Base,
			);
			mainGroup = 98815242247DE78400C4C791;
			packageReferences = (
				988CB9DD2B43FB83005420E6 /* XCRemoteSwiftPackageReference "blocks" */,
			);
			productRefGroup = 9881524C247DE78400C4C791 /* Products */;
			projectDirPath = "";
			projectRoot = "";
			targets = (
				9881524A247DE78400C4C791 /* Testy */,
				9880F210294328BC00266AD9 /* TestyTests */,
			);
		};
/* End PBXProject section */

/* Begin PBXResourcesBuildPhase section */
		9880F20F294328BC00266AD9 /* Resources */ = {
			isa = PBXResourcesBuildPhase;
			buildActionMask = 2147483647;
			files = (
			);
			runOnlyForDeploymentPostprocessing = 0;
		};
		98815249247DE78400C4C791 /* Resources */ = {
			isa = PBXResourcesBuildPhase;
			buildActionMask = 2147483647;
			files = (
				983359092B3A599500DBAAE1 /* README.md in Resources */,
				9881525B247DE78600C4C791 /* LaunchScreen.storyboard in Resources */,
				9821E8A12C9BD0D60005D08F /* XcodeInfo.plist in Resources */,
				9833590A2B3A599500DBAAE1 /* READMEjp.md in Resources */,
				98815258247DE78600C4C791 /* Assets.xcassets in Resources */,
				9833590B2B3A599500DBAAE1 /* LICENSE in Resources */,
			);
			runOnlyForDeploymentPostprocessing = 0;
		};
/* End PBXResourcesBuildPhase section */

/* Begin PBXSourcesBuildPhase section */
		9880F20D294328BC00266AD9 /* Sources */ = {
			isa = PBXSourcesBuildPhase;
			buildActionMask = 2147483647;
			files = (
				9867E6FC2A7A4AA7004B7DBC /* QuadKeyTest.swift in Sources */,
				986D853F2AB810EF001DFEB4 /* NonceTest.swift in Sources */,
				9887EBF429776149006E08D2 /* DataArithmetic.swift in Sources */,
			);
			runOnlyForDeploymentPostprocessing = 0;
		};
		98815247247DE78400C4C791 /* Sources */ = {
			isa = PBXSourcesBuildPhase;
			buildActionMask = 2147483647;
			files = (
				9879DF752C8E757000BA706E /* Model.swift in Sources */,
				9879DF762C8E757000BA706E /* MoveIn.swift in Sources */,
				9879DF702C8E757000BA706E /* Mail.swift in Sources */,
				9879DF782C8E757000BA706E /* Pin.swift in Sources */,
				9879DF7C2C8E766300BA706E /* Communication.swift in Sources */,
				9879DF712C8E757000BA706E /* MailToTaker.swift in Sources */,
				9879DF842C8E769E00BA706E /* Log.swift in Sources */,
				9879DF772C8E757000BA706E /* MoveOut.swift in Sources */,
				9879DF742C8E757000BA706E /* Menu.swift in Sources */,
				9879DF722C8E757000BA706E /* TestyApp.swift in Sources */,
				9879DF732C8E757000BA706E /* Map.swift in Sources */,
				9879DF6F2C8E757000BA706E /* Information.swift in Sources */,
				9879DF6D2C8E757000BA706E /* Auth.swift in Sources */,
				9879DF6E2C8E757000BA706E /* Birth.swift in Sources */,
				9879DF7D2C8E766300BA706E /* Node.swift in Sources */,
				9879DF852C8E769E00BA706E /* Notification.swift in Sources */,
			);
			runOnlyForDeploymentPostprocessing = 0;
		};
/* End PBXSourcesBuildPhase section */

/* Begin PBXTargetDependency section */
		9880F216294328BC00266AD9 /* PBXTargetDependency */ = {
			isa = PBXTargetDependency;
			target = 9881524A247DE78400C4C791 /* Testy */;
			targetProxy = 9880F215294328BC00266AD9 /* PBXContainerItemProxy */;
		};
/* End PBXTargetDependency section */

/* Begin PBXVariantGroup section */
		98815259247DE78600C4C791 /* LaunchScreen.storyboard */ = {
			isa = PBXVariantGroup;
			children = (
				9881525A247DE78600C4C791 /* Base */,
			);
			name = LaunchScreen.storyboard;
			path = ../Sources/Testy;
			sourceTree = "<group>";
		};
/* End PBXVariantGroup section */

/* Begin XCBuildConfiguration section */
		9880F217294328BC00266AD9 /* Debug */ = {
			isa = XCBuildConfiguration;
			buildSettings = {
				ALWAYS_EMBED_SWIFT_STANDARD_LIBRARIES = YES;
				BUNDLE_LOADER = "$(TEST_HOST)";
				CLANG_CXX_LANGUAGE_STANDARD = "gnu++20";
				CODE_SIGN_STYLE = Automatic;
				CURRENT_PROJECT_VERSION = 1;
				DEVELOPMENT_TEAM = 8GS35C2LU7;
				GENERATE_INFOPLIST_FILE = YES;
				IPHONEOS_DEPLOYMENT_TARGET = 16.1;
				MARKETING_VERSION = 1.0;
				PRODUCT_BUNDLE_IDENTIFIER = org.webbanana.cloudkittesty.TestyTests;
				PRODUCT_NAME = "$(TARGET_NAME)";
				SWIFT_EMIT_LOC_STRINGS = NO;
				SWIFT_VERSION = 5.0;
				TARGETED_DEVICE_FAMILY = "1,2";
				TEST_HOST = "$(BUILT_PRODUCTS_DIR)/Testy.app/$(BUNDLE_EXECUTABLE_FOLDER_PATH)/Testy";
			};
			name = Debug;
		};
		9880F218294328BC00266AD9 /* Release */ = {
			isa = XCBuildConfiguration;
			buildSettings = {
				ALWAYS_EMBED_SWIFT_STANDARD_LIBRARIES = YES;
				BUNDLE_LOADER = "$(TEST_HOST)";
				CLANG_CXX_LANGUAGE_STANDARD = "gnu++20";
				CODE_SIGN_STYLE = Automatic;
				CURRENT_PROJECT_VERSION = 1;
				DEVELOPMENT_TEAM = 8GS35C2LU7;
				GENERATE_INFOPLIST_FILE = YES;
				IPHONEOS_DEPLOYMENT_TARGET = 16.1;
				MARKETING_VERSION = 1.0;
				PRODUCT_BUNDLE_IDENTIFIER = org.webbanana.cloudkittesty.TestyTests;
				PRODUCT_NAME = "$(TARGET_NAME)";
				SWIFT_EMIT_LOC_STRINGS = NO;
				SWIFT_VERSION = 5.0;
				TARGETED_DEVICE_FAMILY = "1,2";
				TEST_HOST = "$(BUILT_PRODUCTS_DIR)/Testy.app/$(BUNDLE_EXECUTABLE_FOLDER_PATH)/Testy";
			};
			name = Release;
		};
		9881525D247DE78600C4C791 /* Debug */ = {
			isa = XCBuildConfiguration;
			buildSettings = {
				ALWAYS_SEARCH_USER_PATHS = NO;
				CLANG_ANALYZER_NONNULL = YES;
				CLANG_ANALYZER_NUMBER_OBJECT_CONVERSION = YES_AGGRESSIVE;
				CLANG_CXX_LANGUAGE_STANDARD = "gnu++14";
				CLANG_CXX_LIBRARY = "libc++";
				CLANG_ENABLE_MODULES = YES;
				CLANG_ENABLE_OBJC_ARC = YES;
				CLANG_ENABLE_OBJC_WEAK = YES;
				CLANG_WARN_BLOCK_CAPTURE_AUTORELEASING = YES;
				CLANG_WARN_BOOL_CONVERSION = YES;
				CLANG_WARN_COMMA = YES;
				CLANG_WARN_CONSTANT_CONVERSION = YES;
				CLANG_WARN_DEPRECATED_OBJC_IMPLEMENTATIONS = YES;
				CLANG_WARN_DIRECT_OBJC_ISA_USAGE = YES_ERROR;
				CLANG_WARN_DOCUMENTATION_COMMENTS = YES;
				CLANG_WARN_EMPTY_BODY = YES;
				CLANG_WARN_ENUM_CONVERSION = YES;
				CLANG_WARN_INFINITE_RECURSION = YES;
				CLANG_WARN_INT_CONVERSION = YES;
				CLANG_WARN_NON_LITERAL_NULL_CONVERSION = YES;
				CLANG_WARN_OBJC_IMPLICIT_RETAIN_SELF = YES;
				CLANG_WARN_OBJC_LITERAL_CONVERSION = YES;
				CLANG_WARN_OBJC_ROOT_CLASS = YES_ERROR;
				CLANG_WARN_QUOTED_INCLUDE_IN_FRAMEWORK_HEADER = YES;
				CLANG_WARN_RANGE_LOOP_ANALYSIS = YES;
				CLANG_WARN_STRICT_PROTOTYPES = YES;
				CLANG_WARN_SUSPICIOUS_MOVE = YES;
				CLANG_WARN_UNGUARDED_AVAILABILITY = YES_AGGRESSIVE;
				CLANG_WARN_UNREACHABLE_CODE = YES;
				CLANG_WARN__DUPLICATE_METHOD_MATCH = YES;
				COPY_PHASE_STRIP = NO;
				DEBUG_INFORMATION_FORMAT = dwarf;
				ENABLE_STRICT_OBJC_MSGSEND = YES;
				ENABLE_TESTABILITY = YES;
				GCC_C_LANGUAGE_STANDARD = gnu11;
				GCC_DYNAMIC_NO_PIC = NO;
				GCC_NO_COMMON_BLOCKS = YES;
				GCC_OPTIMIZATION_LEVEL = 0;
				GCC_PREPROCESSOR_DEFINITIONS = (
					"DEBUG=1",
					"$(inherited)",
				);
				GCC_WARN_64_TO_32_BIT_CONVERSION = YES;
				GCC_WARN_ABOUT_RETURN_TYPE = YES_ERROR;
				GCC_WARN_UNDECLARED_SELECTOR = YES;
				GCC_WARN_UNINITIALIZED_AUTOS = YES_AGGRESSIVE;
				GCC_WARN_UNUSED_FUNCTION = YES;
				GCC_WARN_UNUSED_VARIABLE = YES;
				IPHONEOS_DEPLOYMENT_TARGET = 15.0;
				MTL_ENABLE_DEBUG_INFO = INCLUDE_SOURCE;
				MTL_FAST_MATH = YES;
				ONLY_ACTIVE_ARCH = YES;
				SDKROOT = iphoneos;
				SWIFT_ACTIVE_COMPILATION_CONDITIONS = DEBUG;
				SWIFT_OPTIMIZATION_LEVEL = "-Onone";
			};
			name = Debug;
		};
		9881525E247DE78600C4C791 /* Release */ = {
			isa = XCBuildConfiguration;
			buildSettings = {
				ALWAYS_SEARCH_USER_PATHS = NO;
				CLANG_ANALYZER_NONNULL = YES;
				CLANG_ANALYZER_NUMBER_OBJECT_CONVERSION = YES_AGGRESSIVE;
				CLANG_CXX_LANGUAGE_STANDARD = "gnu++14";
				CLANG_CXX_LIBRARY = "libc++";
				CLANG_ENABLE_MODULES = YES;
				CLANG_ENABLE_OBJC_ARC = YES;
				CLANG_ENABLE_OBJC_WEAK = YES;
				CLANG_WARN_BLOCK_CAPTURE_AUTORELEASING = YES;
				CLANG_WARN_BOOL_CONVERSION = YES;
				CLANG_WARN_COMMA = YES;
				CLANG_WARN_CONSTANT_CONVERSION = YES;
				CLANG_WARN_DEPRECATED_OBJC_IMPLEMENTATIONS = YES;
				CLANG_WARN_DIRECT_OBJC_ISA_USAGE = YES_ERROR;
				CLANG_WARN_DOCUMENTATION_COMMENTS = YES;
				CLANG_WARN_EMPTY_BODY = YES;
				CLANG_WARN_ENUM_CONVERSION = YES;
				CLANG_WARN_INFINITE_RECURSION = YES;
				CLANG_WARN_INT_CONVERSION = YES;
				CLANG_WARN_NON_LITERAL_NULL_CONVERSION = YES;
				CLANG_WARN_OBJC_IMPLICIT_RETAIN_SELF = YES;
				CLANG_WARN_OBJC_LITERAL_CONVERSION = YES;
				CLANG_WARN_OBJC_ROOT_CLASS = YES_ERROR;
				CLANG_WARN_QUOTED_INCLUDE_IN_FRAMEWORK_HEADER = YES;
				CLANG_WARN_RANGE_LOOP_ANALYSIS = YES;
				CLANG_WARN_STRICT_PROTOTYPES = YES;
				CLANG_WARN_SUSPICIOUS_MOVE = YES;
				CLANG_WARN_UNGUARDED_AVAILABILITY = YES_AGGRESSIVE;
				CLANG_WARN_UNREACHABLE_CODE = YES;
				CLANG_WARN__DUPLICATE_METHOD_MATCH = YES;
				COPY_PHASE_STRIP = NO;
				DEBUG_INFORMATION_FORMAT = "dwarf-with-dsym";
				ENABLE_NS_ASSERTIONS = NO;
				ENABLE_STRICT_OBJC_MSGSEND = YES;
				GCC_C_LANGUAGE_STANDARD = gnu11;
				GCC_NO_COMMON_BLOCKS = YES;
				GCC_WARN_64_TO_32_BIT_CONVERSION = YES;
				GCC_WARN_ABOUT_RETURN_TYPE = YES_ERROR;
				GCC_WARN_UNDECLARED_SELECTOR = YES;
				GCC_WARN_UNINITIALIZED_AUTOS = YES_AGGRESSIVE;
				GCC_WARN_UNUSED_FUNCTION = YES;
				GCC_WARN_UNUSED_VARIABLE = YES;
				IPHONEOS_DEPLOYMENT_TARGET = 15.0;
				MTL_ENABLE_DEBUG_INFO = NO;
				MTL_FAST_MATH = YES;
				SDKROOT = iphoneos;
				SWIFT_COMPILATION_MODE = wholemodule;
				SWIFT_OPTIMIZATION_LEVEL = "-O";
				VALIDATE_PRODUCT = YES;
			};
			name = Release;
		};
		98815260247DE78600C4C791 /* Debug */ = {
			isa = XCBuildConfiguration;
			buildSettings = {
				ASSETCATALOG_COMPILER_APPICON_NAME = AppIcon;
				CLANG_WARN_QUOTED_INCLUDE_IN_FRAMEWORK_HEADER = YES;
				CODE_SIGN_ENTITLEMENTS = Testy/Testy.entitlements;
				CODE_SIGN_STYLE = Automatic;
				CURRENT_PROJECT_VERSION = 0.3;
				DEVELOPMENT_TEAM = 8GS35C2LU7;
				FRAMEWORK_SEARCH_PATHS = "$(SRCROOT)/../blocks";
				INFOPLIST_FILE = Testy/XcodeInfo.plist;
				IPHONEOS_DEPLOYMENT_TARGET = 16.0;
				LD_RUNPATH_SEARCH_PATHS = (
					"$(inherited)",
					"@executable_path/Frameworks",
				);
				LIBRARY_SEARCH_PATHS = "";
				MARKETING_VERSION = 0.3;
				OTHER_LDFLAGS = "";
				OTHER_SWIFT_FLAGS = "";
				PRODUCT_BUNDLE_IDENTIFIER = org.webbanana.Testy;
				PRODUCT_NAME = "$(TARGET_NAME)";
				SUPPORTED_PLATFORMS = "iphoneos iphonesimulator";
				SUPPORTS_MACCATALYST = YES;
				SUPPORTS_MAC_DESIGNED_FOR_IPHONE_IPAD = YES;
				SWIFT_VERSION = 5.0;
				TARGETED_DEVICE_FAMILY = "1,2";
			};
			name = Debug;
		};
		98815261247DE78600C4C791 /* Release */ = {
			isa = XCBuildConfiguration;
			buildSettings = {
				ASSETCATALOG_COMPILER_APPICON_NAME = AppIcon;
				CLANG_WARN_QUOTED_INCLUDE_IN_FRAMEWORK_HEADER = YES;
				CODE_SIGN_ENTITLEMENTS = Testy/Testy.entitlements;
				CODE_SIGN_STYLE = Automatic;
				CURRENT_PROJECT_VERSION = 0.3;
				DEVELOPMENT_TEAM = 8GS35C2LU7;
				FRAMEWORK_SEARCH_PATHS = "$(SRCROOT)/../blocks";
				INFOPLIST_FILE = Testy/XcodeInfo.plist;
				IPHONEOS_DEPLOYMENT_TARGET = 16.0;
				LD_RUNPATH_SEARCH_PATHS = (
					"$(inherited)",
					"@executable_path/Frameworks",
				);
				LIBRARY_SEARCH_PATHS = "";
				MARKETING_VERSION = 0.3;
				OTHER_LDFLAGS = "";
				OTHER_SWIFT_FLAGS = "";
				PRODUCT_BUNDLE_IDENTIFIER = org.webbanana.Testy;
				PRODUCT_NAME = "$(TARGET_NAME)";
				SUPPORTED_PLATFORMS = "iphoneos iphonesimulator";
				SUPPORTS_MACCATALYST = YES;
				SUPPORTS_MAC_DESIGNED_FOR_IPHONE_IPAD = YES;
				SWIFT_VERSION = 5.0;
				TARGETED_DEVICE_FAMILY = "1,2";
			};
			name = Release;
		};
/* End XCBuildConfiguration section */

/* Begin XCConfigurationList section */
		9880F21B294328BC00266AD9 /* Build configuration list for PBXNativeTarget "TestyTests" */ = {
			isa = XCConfigurationList;
			buildConfigurations = (
				9880F217294328BC00266AD9 /* Debug */,
				9880F218294328BC00266AD9 /* Release */,
			);
			defaultConfigurationIsVisible = 0;
			defaultConfigurationName = Release;
		};
		98815246247DE78400C4C791 /* Build configuration list for PBXProject "Testy" */ = {
			isa = XCConfigurationList;
			buildConfigurations = (
				9881525D247DE78600C4C791 /* Debug */,
				9881525E247DE78600C4C791 /* Release */,
			);
			defaultConfigurationIsVisible = 0;
			defaultConfigurationName = Release;
		};
		9881525F247DE78600C4C791 /* Build configuration list for PBXNativeTarget "Testy" */ = {
			isa = XCConfigurationList;
			buildConfigurations = (
				98815260247DE78600C4C791 /* Debug */,
				98815261247DE78600C4C791 /* Release */,
			);
			defaultConfigurationIsVisible = 0;
			defaultConfigurationName = Release;
		};
/* End XCConfigurationList section */

/* Begin XCRemoteSwiftPackageReference section */
		988CB9DD2B43FB83005420E6 /* XCRemoteSwiftPackageReference "blocks" */ = {
			isa = XCRemoteSwiftPackageReference;
			repositoryURL = "https://github.com/webbananaunite/blocks";
			requirement = {
				kind = upToNextMajorVersion;
				minimumVersion = 0.3.0;
			};
		};
/* End XCRemoteSwiftPackageReference section */

/* Begin XCSwiftPackageProductDependency section */
		988CB9DE2B43FB83005420E6 /* blocks */ = {
			isa = XCSwiftPackageProductDependency;
			package = 988CB9DD2B43FB83005420E6 /* XCRemoteSwiftPackageReference "blocks" */;
			productName = blocks;
		};
/* End XCSwiftPackageProductDependency section */
	};
	rootObject = 98815243247DE78400C4C791 /* Project object */;
}
