{
  "pins" : [
    {
      "identity" : "blocks",
      "kind" : "remoteSourceControl",
      "location" : "https://github.com/webbananaunite/blocks",
      "state" : {
        "revision" : "0dbf96e29b59023ecc3a3422526662334375b412",
        "version" : "0.0.2"
      }
    },
    {
      "identity" : "overlaynetwork",
      "kind" : "remoteSourceControl",
      "location" : "https://github.com/webbananaunite/overlayNetwork",
      "state" : {
        "revision" : "6968a0dccda1c32d6b165b5e91cc050485abd1e1",
        "version" : "0.0.2"
      }
    }
  ],
  "version" : 2
}
