{
  "originHash" : "fe0f75e32e3242e83b1fe49877b5cdf6dc670af3807fd80db28b6abc3a7637be",
  "pins" : [
    {
      "identity" : "blocks",
      "kind" : "remoteSourceControl",
      "location" : "https://github.com/webbananaunite/blocks",
      "state" : {
        "revision" : "17cb11ab4bd70c58e7f5d28e46fa7b9bd5a7d477",
        "version" : "0.5.4"
      }
    },
    {
      "identity" : "overlaynetwork",
      "kind" : "remoteSourceControl",
      "location" : "https://github.com/webbananaunite/overlayNetwork",
      "state" : {
        "revision" : "95f03332470ee9908394ea8d06655a200d406be0",
        "version" : "0.5.4"
      }
    },
    {
      "identity" : "shareddesignsystem",
      "kind" : "remoteSourceControl",
      "location" : "https://github.com/webbananaunite/SharedDesignSystem",
      "state" : {
        "revision" : "e4c0879dbb3c4674ff1dbaeb3d03ddb420c7a962",
        "version" : "0.1.0"
      }
    },
    {
      "identity" : "swift-asn1",
      "kind" : "remoteSourceControl",
      "location" : "https://github.com/apple/swift-asn1.git",
      "state" : {
        "revision" : "eb50cbd14606a9161cbc5d452f18797c90ef0bab",
        "version" : "1.7.0"
      }
    },
    {
      "identity" : "swift-crypto",
      "kind" : "remoteSourceControl",
      "location" : "https://github.com/apple/swift-crypto.git",
      "state" : {
        "revision" : "95ba0316a9b733e92bb6b071255ff46263bbe7dc",
        "version" : "3.15.1"
      }
    }
  ],
  "version" : 3
}
